# THIS IS AN AUTOGENERATED FILE. DO NOT EDIT THIS FILE DIRECTLY.
# yarn lockfile v1


"date-fns@^2.28.0":
  "integrity" "sha512-8d35hViGYx/QH0icHYCeLmsLmMUheMmTyV9Fcm6gvNwdw31yXXH+O85sOBJ+OLnLQMKZowvpKb6FgMIQjcpvQw=="
  "resolved" "https://registry.npmjs.org/date-fns/-/date-fns-2.28.0.tgz"
  "version" "2.28.0"

"husky@^7.0.4":
  "integrity" "sha512-vbaCKN2QLtP/vD4yvs6iz6hBEo6wkSzs8HpRah1Z6aGmF2KW5PdYuAd7uX5a+OyBZHBhd+TFLqgjUgytQr4RvQ=="
  "resolved" "https://registry.npmjs.org/husky/-/husky-7.0.4.tgz"
  "version" "7.0.4"
